<?xml version="1.0" encoding="utf-8"?>
<Project ToolsVersion="4.0" xmlns="http://schemas.microsoft.com/developer/msbuild/2003">
  <ItemGroup>
    <Filter Include="Source Files">
      <UniqueIdentifier>{4FC737F1-C7A5-4376-A066-2A32D752A2FF}</UniqueIdentifier>
      <Extensions>cpp;c;cc;cxx;c++;cppm;ixx;def;odl;idl;hpj;bat;asm;asmx</Extensions>
    </Filter>
    <Filter Include="Header Files">
      <UniqueIdentifier>{93995380-89BD-4b04-88EB-625FBE52EBFB}</UniqueIdentifier>
      <Extensions>h;hh;hpp;hxx;h++;hm;inl;inc;ipp;xsd</Extensions>
    </Filter>
    <Filter Include="Resource Files">
      <UniqueIdentifier>{67DA6AB6-F800-4c08-8B7A-83BB121AAD01}</UniqueIdentifier>
      <Extensions>rc;ico;cur;bmp;dlg;rc2;rct;bin;rgs;gif;jpg;jpeg;jpe;resx;tiff;tif;png;wav;mfcribbon-ms</Extensions>
    </Filter>
    <Filter Include="Header Files\bib">
      <UniqueIdentifier>{08bb72da-403e-4dd5-8c33-1407181d7bd0}</UniqueIdentifier>
    </Filter>
    <Filter Include="Source Files\bib">
      <UniqueIdentifier>{35914228-bcf1-41b5-b706-62ebc16d9517}</UniqueIdentifier>
    </Filter>
    <Filter Include="Source Files\main">
      <UniqueIdentifier>{1d7a1709-ec21-4546-ad3a-a7438f8224bc}</UniqueIdentifier>
    </Filter>
    <Filter Include="Source Files\Sensations">
      <UniqueIdentifier>{62ee5d8a-32d6-44cf-a135-b2f3b7b5d769}</UniqueIdentifier>
    </Filter>
    <Filter Include="Resource Files\Sensations">
      <UniqueIdentifier>{ad5b152b-7afd-4831-9225-babe2f499cd1}</UniqueIdentifier>
    </Filter>
  </ItemGroup>
  <ItemGroup>
    <ClCompile Include="ExploringSensationLibrary.cpp">
      <Filter>Source Files</Filter>
    </ClCompile>
    <ClCompile Include="KeyboardControlledPoint.cpp">
      <Filter>Source Files</Filter>
    </ClCompile>
    <ClCompile Include="KeyboardControlledSensationLibrary.cpp">
      <Filter>Source Files</Filter>
    </ClCompile>
    <ClCompile Include="LeapTrackingParameterSpace.cpp">
      <Filter>Source Files</Filter>
    </ClCompile>
    <ClCompile Include="MariannasParameterSpace.cpp">
      <Filter>Source Files</Filter>
    </ClCompile>
    <ClCompile Include="RandomConfigurationsKeyboardControl.cpp">
      <Filter>Source Files</Filter>
    </ClCompile>
    <ClCompile Include="HandTracking.cpp">
      <Filter>Source Files</Filter>
    </ClCompile>
    <ClCompile Include="easywsclient.cpp">
      <Filter>Source Files\bib</Filter>
    </ClCompile>
    <ClCompile Include="RandomConfigurationsWebsocketControl.cpp">
      <Filter>Source Files</Filter>
    </ClCompile>
    <ClCompile Include="Configurations.cpp">
      <Filter>Source Files</Filter>
    </ClCompile>
    <ClCompile Include="KeyboardControlledStimuli.cpp">
      <Filter>Source Files\main</Filter>
    </ClCompile>
    <ClCompile Include="SensationWebsocketControl.cpp">
      <Filter>Source Files\Sensations</Filter>
    </ClCompile>
    <ClCompile Include="Utils.cpp">
      <Filter>Source Files</Filter>
    </ClCompile>
  </ItemGroup>
  <ItemGroup>
    <None Include="StandardSensations.ssp">
      <Filter>Resource Files</Filter>
    </None>
    <None Include="SensationConfigs\AllSensations.json">
      <Filter>Resource Files\Sensations</Filter>
    </None>
    <None Include="SensationConfigs\Sensations.json">
      <Filter>Resource Files\Sensations</Filter>
    </None>
    <None Include="SensationConfigs\RippleBrushLargePoint.json">
      <Filter>Resource Files\Sensations</Filter>
    </None>
    <None Include="SensationConfigs\Pilot.json">
      <Filter>Resource Files\Sensations</Filter>
    </None>
    <None Include="SensationConfigs\Test.json">
      <Filter>Resource Files\Sensations</Filter>
    </None>
  </ItemGroup>
  <ItemGroup>
    <ClInclude Include="HandTracking.h">
      <Filter>Header Files</Filter>
    </ClInclude>
    <ClInclude Include="ExploringSensationLibrary.h">
      <Filter>Header Files</Filter>
    </ClInclude>
    <ClInclude Include="LeapHandConverter.hpp">
      <Filter>Header Files</Filter>
    </ClInclude>
    <ClInclude Include="Entries.h">
      <Filter>Header Files</Filter>
    </ClInclude>
    <ClInclude Include="Utils.hpp">
      <Filter>Header Files</Filter>
    </ClInclude>
    <ClInclude Include="Parameters.h">
      <Filter>Header Files</Filter>
    </ClInclude>
    <ClInclude Include="easywsclient.hpp">
      <Filter>Header Files\bib</Filter>
    </ClInclude>
    <ClInclude Include="json.hpp">
      <Filter>Header Files\bib</Filter>
    </ClInclude>
    <ClInclude Include="Configurations.h">
      <Filter>Header Files</Filter>
    </ClInclude>
    <ClInclude Include="resource.h">
      <Filter>Header Files</Filter>
    </ClInclude>
    <ClInclude Include="Timer.hpp">
      <Filter>Header Files</Filter>
    </ClInclude>
  </ItemGroup>
</Project>